
Microsoft Visual Studio Solution File, Format Version 12.00
# Visual Studio Version 17
VisualStudioVersion = 17.10.34928.147
MinimumVisualStudioVersion = 10.0.40219.1
Project("{FAE04EC0-301F-11D3-BF4B-00C04F79EFBC}") = "PW_110724_DateTimeServer", "PW_110724_DateTimeServer\PW_110724_DateTimeServer.csproj", "{D8940426-7717-4ED8-8694-861A23145F5E}"
EndProject
Global
	GlobalSection(SolutionConfigurationPlatforms) = preSolution
		Debug|Any CPU = Debug|Any CPU
		Release|Any CPU = Release|Any CPU
	EndGlobalSection
	GlobalSection(ProjectConfigurationPlatforms) = postSolution
		{D8940426-7717-4ED8-8694-861A23145F5E}.Debug|Any CPU.ActiveCfg = Debug|Any CPU
		{D8940426-7717-4ED8-8694-861A23145F5E}.Debug|Any CPU.Build.0 = Debug|Any CPU
		{D8940426-7717-4ED8-8694-861A23145F5E}.Release|Any CPU.ActiveCfg = Release|Any CPU
		{D8940426-7717-4ED8-8694-861A23145F5E}.Release|Any CPU.Build.0 = Release|Any CPU
	EndGlobalSection
	GlobalSection(SolutionProperties) = preSolution
		HideSolutionNode = FALSE
	EndGlobalSection
	GlobalSection(ExtensibilityGlobals) = postSolution
		SolutionGuid = {594084AA-6944-41BB-8C0B-DA086462E310}
	EndGlobalSection
EndGlobal
